
Microsoft Visual Studio Solution File, Format Version 12.00
# Visual Studio Version 16
VisualStudioVersion = 16.0.30503.244
MinimumVisualStudioVersion = 10.0.40219.1
Project("{9A19103F-16F7-4668-BE54-9A1E7A4F7556}") = "Framework.QA", "Framework.QA.csproj", "{2BBDE7A7-9AE2-4176-9164-55866CB1A48C}"
EndProject
Global
	GlobalSection(SolutionConfigurationPlatforms) = preSolution
		Debug|Any CPU = Debug|Any CPU
		Release|Any CPU = Release|Any CPU
	EndGlobalSection
	GlobalSection(ProjectConfigurationPlatforms) = postSolution
		{2BBDE7A7-9AE2-4176-9164-55866CB1A48C}.Debug|Any CPU.ActiveCfg = Debug|Any CPU
		{2BBDE7A7-9AE2-4176-9164-55866CB1A48C}.Debug|Any CPU.Build.0 = Debug|Any CPU
		{2BBDE7A7-9AE2-4176-9164-55866CB1A48C}.Release|Any CPU.ActiveCfg = Release|Any CPU
		{2BBDE7A7-9AE2-4176-9164-55866CB1A48C}.Release|Any CPU.Build.0 = Release|Any CPU
	EndGlobalSection
	GlobalSection(SolutionProperties) = preSolution
		HideSolutionNode = FALSE
	EndGlobalSection
	GlobalSection(ExtensibilityGlobals) = postSolution
		SolutionGuid = {09288A95-A309-4B99-BEBE-107574C7EDC3}
	EndGlobalSection
EndGlobal
